{
    "_readme": [
        "This file locks the dependencies of your project to a known state",
        "Read more about it at https://getcomposer.org/doc/01-basic-usage.md#composer-lock-the-lock-file",
        "This file is @generated automatically"
    ],
    "content-hash": "2a28c91251c47cf889dd56bd979faa8e",
    "packages": [
        {
            "name": "zynga/phpunit",
            "version": "v1.7.1",
            "source": {
                "type": "git",
                "url": "https://github.com/zynga/zynga-hhvm-phpunit.git",
                "reference": "c15e8b7c976d7a4f409228a6bd276333a1f0c3ca"
            },
            "dist": {
                "type": "zip",
                "url": "https://api.github.com/repos/zynga/zynga-hhvm-phpunit/zipball/c15e8b7c976d7a4f409228a6bd276333a1f0c3ca",
                "reference": "c15e8b7c976d7a4f409228a6bd276333a1f0c3ca",
                "shasum": ""
            },
            "require": {
                "hhvm": "^3.18",
                "zynga/phpunit-hhi": "@dev"
            },
            "bin": [
                "bin/phpunit",
                "bin/run-single-test.hh",
                "vendor/bin/hhvm-restart-wrapper",
                "vendor/phpunit/phpunit/phpunit-vendor",
                "vendor/phpunit/phpunit/phpunit-vendor-xdebug"
            ],
            "type": "library",
            "description": "Zynga modifications to the PHPUNIT framework.",
            "keywords": [
                "phpunit",
                "testing",
                "xunit"
            ],
            "support": {
                "source": "https://github.com/zynga/zynga-hhvm-phpunit/tree/v1.7.1",
                "issues": "https://github.com/zynga/zynga-hhvm-phpunit/issues"
            },
            "time": "2018-04-10T20:32:35+00:00"
        },
        {
            "name": "zynga/phpunit-hhi",
            "version": "v1.0.0",
            "source": {
                "type": "git",
                "url": "https://github.com/zynga/zynga-hhvm-phpunit-hhi.git",
                "reference": "254eab5d6655863df8056289d435a9b723691d89"
            },
            "dist": {
                "type": "zip",
                "url": "https://api.github.com/repos/zynga/zynga-hhvm-phpunit-hhi/zipball/254eab5d6655863df8056289d435a9b723691d89",
                "reference": "254eab5d6655863df8056289d435a9b723691d89",
                "shasum": ""
            },
            "require": {
                "hhvm": ">=3.12.0"
            },
            "conflict": {
                "91carriage/phpunit-hhi": "> 0",
                "phpunit/phpunit": "<5.7.15"
            },
            "type": "library",
            "license": [
                "MIT"
            ],
            "description": "HHI definitions for PHPUnit",
            "keywords": [
                "hack",
                "hhvm",
                "phpunit",
                "testing"
            ],
            "support": {
                "source": "https://github.com/zynga/zynga-hhvm-phpunit-hhi/tree/v1.0.0",
                "issues": "https://github.com/zynga/zynga-hhvm-phpunit-hhi/issues"
            },
            "time": "2017-09-21T17:57:25+00:00"
        }
    ],
    "packages-dev": [],
    "aliases": [],
    "minimum-stability": "stable",
    "stability-flags": [],
    "prefer-stable": false,
    "prefer-lowest": false,
    "platform": {
        "hhvm": "^3.12"
    },
    "platform-dev": []
}
